// !$*UTF8*$!
{
	archiveVersion = 1;
	classes = {
	};
	objectVersion = 46;
	objects = {

/* Begin PBXBuildFile section */
		131F95F71797D61200123B6C /* scrollViewBackButton.png in Resources */ = {isa = PBXBuildFile; fileRef = 131F95F31797D61200123B6C /* scrollViewBackButton.png */; };
		131F95F81797D61200123B6C /* scrollViewBackButton@2x.png in Resources */ = {isa = PBXBuildFile; fileRef = 131F95F41797D61200123B6C /* scrollViewBackButton@2x.png */; };
		131F95F91797D61200123B6C /* TabBar@2x.png in Resources */ = {isa = PBXBuildFile; fileRef = 131F95F51797D61200123B6C /* TabBar@2x.png */; };
		131F95FA1797D61200123B6C /* TabBar.png in Resources */ = {isa = PBXBuildFile; fileRef = 131F95F61797D61200123B6C /* TabBar.png */; };
		131F960017982C0800123B6C /* LDCBasicScrollViewController.m in Sources */ = {isa = PBXBuildFile; fileRef = 131F95FE17982C0800123B6C /* LDCBasicScrollViewController.m */; };
		131F960117982C0800123B6C /* LDCBasicScrollViewController.xib in Resources */ = {isa = PBXBuildFile; fileRef = 131F95FF17982C0800123B6C /* LDCBasicScrollViewController.xib */; };
		131F960817982F4200123B6C /* poster3@2x.png in Resources */ = {isa = PBXBuildFile; fileRef = 131F960217982F4200123B6C /* poster3@2x.png */; };
		131F960917982F4200123B6C /* poster1@2x.png in Resources */ = {isa = PBXBuildFile; fileRef = 131F960317982F4200123B6C /* poster1@2x.png */; };
		131F960A17982F4200123B6C /* poster3.png in Resources */ = {isa = PBXBuildFile; fileRef = 131F960417982F4200123B6C /* poster3.png */; };
		131F960B17982F4200123B6C /* poster1.png in Resources */ = {isa = PBXBuildFile; fileRef = 131F960517982F4200123B6C /* poster1.png */; };
		131F960C17982F4200123B6C /* poster2@2x.png in Resources */ = {isa = PBXBuildFile; fileRef = 131F960617982F4200123B6C /* poster2@2x.png */; };
		131F960D17982F4200123B6C /* poster2.png in Resources */ = {isa = PBXBuildFile; fileRef = 131F960717982F4200123B6C /* poster2.png */; };
		131F961017984F4400123B6C /* Light.png in Resources */ = {isa = PBXBuildFile; fileRef = 131F960E17984F4400123B6C /* Light.png */; };
		131F961117984F4400123B6C /* Light@2x.png in Resources */ = {isa = PBXBuildFile; fileRef = 131F960F17984F4400123B6C /* Light@2x.png */; };
		132E891B17993F2A00CF50E9 /* navBG@2x.png in Resources */ = {isa = PBXBuildFile; fileRef = 132E891917993F2A00CF50E9 /* navBG@2x.png */; };
		132E891C17993F2A00CF50E9 /* navBG.png in Resources */ = {isa = PBXBuildFile; fileRef = 132E891A17993F2A00CF50E9 /* navBG.png */; };
		132E89211799434000CF50E9 /* poster4@2x.png in Resources */ = {isa = PBXBuildFile; fileRef = 132E891D1799434000CF50E9 /* poster4@2x.png */; };
		132E89221799434000CF50E9 /* poster4.png in Resources */ = {isa = PBXBuildFile; fileRef = 132E891E1799434000CF50E9 /* poster4.png */; };
		132E89231799434000CF50E9 /* poster0@2x.png in Resources */ = {isa = PBXBuildFile; fileRef = 132E891F1799434000CF50E9 /* poster0@2x.png */; };
		132E89241799434000CF50E9 /* poster0.png in Resources */ = {isa = PBXBuildFile; fileRef = 132E89201799434000CF50E9 /* poster0.png */; };
		132E89271799608B00CF50E9 /* detailImage.png in Resources */ = {isa = PBXBuildFile; fileRef = 132E89251799608B00CF50E9 /* detailImage.png */; };
		132E89281799608B00CF50E9 /* detailImage@2x.png in Resources */ = {isa = PBXBuildFile; fileRef = 132E89261799608B00CF50E9 /* detailImage@2x.png */; };
		132E892A1799650700CF50E9 /* Icon@2x.png in Resources */ = {isa = PBXBuildFile; fileRef = 132E89291799650700CF50E9 /* Icon@2x.png */; };
		132E892C1799650B00CF50E9 /* Icon.png in Resources */ = {isa = PBXBuildFile; fileRef = 132E892B1799650B00CF50E9 /* Icon.png */; };
		132E89371799687F00CF50E9 /* Bach.png in Resources */ = {isa = PBXBuildFile; fileRef = 132E892D1799687E00CF50E9 /* Bach.png */; };
		132E89381799687F00CF50E9 /* Bach@2x.png in Resources */ = {isa = PBXBuildFile; fileRef = 132E892E1799687E00CF50E9 /* Bach@2x.png */; };
		132E89391799687F00CF50E9 /* Beethoven.png in Resources */ = {isa = PBXBuildFile; fileRef = 132E892F1799687E00CF50E9 /* Beethoven.png */; };
		132E893A1799687F00CF50E9 /* Beethoven@2x.png in Resources */ = {isa = PBXBuildFile; fileRef = 132E89301799687E00CF50E9 /* Beethoven@2x.png */; };
		132E893B1799687F00CF50E9 /* Chopin.png in Resources */ = {isa = PBXBuildFile; fileRef = 132E89311799687F00CF50E9 /* Chopin.png */; };
		132E893C1799687F00CF50E9 /* Chopin@2x.png in Resources */ = {isa = PBXBuildFile; fileRef = 132E89321799687F00CF50E9 /* Chopin@2x.png */; };
		132E893D1799687F00CF50E9 /* Hayden.png in Resources */ = {isa = PBXBuildFile; fileRef = 132E89331799687F00CF50E9 /* Hayden.png */; };
		132E893E1799687F00CF50E9 /* Hayden@2x.png in Resources */ = {isa = PBXBuildFile; fileRef = 132E89341799687F00CF50E9 /* Hayden@2x.png */; };
		132E893F1799687F00CF50E9 /* Shubert.png in Resources */ = {isa = PBXBuildFile; fileRef = 132E89351799687F00CF50E9 /* Shubert.png */; };
		132E89401799687F00CF50E9 /* Shubert@2x.png in Resources */ = {isa = PBXBuildFile; fileRef = 132E89361799687F00CF50E9 /* Shubert@2x.png */; };
		132E894717996C7600CF50E9 /* Chords1.png in Resources */ = {isa = PBXBuildFile; fileRef = 132E894117996C7600CF50E9 /* Chords1.png */; };
		132E894817996C7600CF50E9 /* Chords1@2x.png in Resources */ = {isa = PBXBuildFile; fileRef = 132E894217996C7600CF50E9 /* Chords1@2x.png */; };
		132E894917996C7600CF50E9 /* Chords2.png in Resources */ = {isa = PBXBuildFile; fileRef = 132E894317996C7600CF50E9 /* Chords2.png */; };
		132E894A17996C7600CF50E9 /* Chords2@2x.png in Resources */ = {isa = PBXBuildFile; fileRef = 132E894417996C7600CF50E9 /* Chords2@2x.png */; };
		132E894B17996C7600CF50E9 /* Chords3.png in Resources */ = {isa = PBXBuildFile; fileRef = 132E894517996C7600CF50E9 /* Chords3.png */; };
		132E894C17996C7600CF50E9 /* Chords3@2x.png in Resources */ = {isa = PBXBuildFile; fileRef = 132E894617996C7600CF50E9 /* Chords3@2x.png */; };
		13433A6A1797AC45008FD042 /* 0.png in Resources */ = {isa = PBXBuildFile; fileRef = 13433A661797AC45008FD042 /* 0.png */; };
		13433A6B1797AC45008FD042 /* 1.png in Resources */ = {isa = PBXBuildFile; fileRef = 13433A671797AC45008FD042 /* 1.png */; };
		13433A6C1797AC45008FD042 /* 2.png in Resources */ = {isa = PBXBuildFile; fileRef = 13433A681797AC45008FD042 /* 2.png */; };
		13433A6D1797AC45008FD042 /* 3.png in Resources */ = {isa = PBXBuildFile; fileRef = 13433A691797AC45008FD042 /* 3.png */; };
		13613F66179BA1200082BD08 /* LDCWebViewController.m in Sources */ = {isa = PBXBuildFile; fileRef = 13613F65179BA1200082BD08 /* LDCWebViewController.m */; };
		13613F69179BB2EC0082BD08 /* LDCTableViewCellControlViewController.m in Sources */ = {isa = PBXBuildFile; fileRef = 13613F68179BB2EC0082BD08 /* LDCTableViewCellControlViewController.m */; };
		13613F6C179BC4510082BD08 /* done_button.png in Resources */ = {isa = PBXBuildFile; fileRef = 13613F6A179BC4510082BD08 /* done_button.png */; };
		13613F6D179BC4510082BD08 /* done_button@2x.png in Resources */ = {isa = PBXBuildFile; fileRef = 13613F6B179BC4510082BD08 /* done_button@2x.png */; };
		13613F70179BCF340082BD08 /* Edit_button@2x.png in Resources */ = {isa = PBXBuildFile; fileRef = 13613F6E179BCF340082BD08 /* Edit_button@2x.png */; };
		13613F71179BCF340082BD08 /* Edit_button.png in Resources */ = {isa = PBXBuildFile; fileRef = 13613F6F179BCF340082BD08 /* Edit_button.png */; };
		1390D18C179A4BE700EF9537 /* LDCSideMenuViewController.m in Sources */ = {isa = PBXBuildFile; fileRef = 1390D18A179A4BE700EF9537 /* LDCSideMenuViewController.m */; };
		1390D18D179A4BE700EF9537 /* LDCSideMenuViewController.xib in Resources */ = {isa = PBXBuildFile; fileRef = 1390D18B179A4BE700EF9537 /* LDCSideMenuViewController.xib */; };
		1390D19D179A5CC500EF9537 /* AccelerationAnimation.m in Sources */ = {isa = PBXBuildFile; fileRef = 1390D190179A5CC500EF9537 /* AccelerationAnimation.m */; };
		1390D19E179A5CC500EF9537 /* Evaluate.m in Sources */ = {isa = PBXBuildFile; fileRef = 1390D192179A5CC500EF9537 /* Evaluate.m */; };
		1390D19F179A5CC500EF9537 /* REBackgroundView.m in Sources */ = {isa = PBXBuildFile; fileRef = 1390D194179A5CC500EF9537 /* REBackgroundView.m */; };
		1390D1A0179A5CC500EF9537 /* RESideMenu.m in Sources */ = {isa = PBXBuildFile; fileRef = 1390D196179A5CC500EF9537 /* RESideMenu.m */; };
		1390D1A1179A5CC500EF9537 /* RESideMenuCell.m in Sources */ = {isa = PBXBuildFile; fileRef = 1390D198179A5CC500EF9537 /* RESideMenuCell.m */; };
		1390D1A2179A5CC500EF9537 /* RESideMenuItem.m in Sources */ = {isa = PBXBuildFile; fileRef = 1390D19A179A5CC500EF9537 /* RESideMenuItem.m */; };
		1390D1A3179A5CC500EF9537 /* UIWindow+RESideMenuExtensions.m in Sources */ = {isa = PBXBuildFile; fileRef = 1390D19C179A5CC500EF9537 /* UIWindow+RESideMenuExtensions.m */; };
		1390D1A7179A618E00EF9537 /* QuartzCore.framework in Frameworks */ = {isa = PBXBuildFile; fileRef = 1390D1A6179A618E00EF9537 /* QuartzCore.framework */; };
		1390D1AA179A707600EF9537 /* startButton@2x.png in Resources */ = {isa = PBXBuildFile; fileRef = 1390D1A8179A707600EF9537 /* startButton@2x.png */; };
		1390D1AB179A707600EF9537 /* startButton.png in Resources */ = {isa = PBXBuildFile; fileRef = 1390D1A9179A707600EF9537 /* startButton.png */; };
		1390D1AF179A78BF00EF9537 /* LDCHomeViewController.m in Sources */ = {isa = PBXBuildFile; fileRef = 1390D1AE179A78BF00EF9537 /* LDCHomeViewController.m */; };
		1390D1B2179A80E800EF9537 /* LDCControlPanelViewController.m in Sources */ = {isa = PBXBuildFile; fileRef = 1390D1B1179A80E800EF9537 /* LDCControlPanelViewController.m */; };
		1390D1B4179AD10100EF9537 /* AVFoundation.framework in Frameworks */ = {isa = PBXBuildFile; fileRef = 1390D1B3179AD10100EF9537 /* AVFoundation.framework */; };
		1390D1B7179AD24900EF9537 /* Sound01.wav in Resources */ = {isa = PBXBuildFile; fileRef = 1390D1B6179AD24900EF9537 /* Sound01.wav */; };
		1390D1BC179ADAF800EF9537 /* LDCSoundManager.m in Sources */ = {isa = PBXBuildFile; fileRef = 1390D1BB179ADAF800EF9537 /* LDCSoundManager.m */; };
		1390D1BE179ADB6000EF9537 /* AudioToolbox.framework in Frameworks */ = {isa = PBXBuildFile; fileRef = 1390D1BD179ADB6000EF9537 /* AudioToolbox.framework */; };
		13B16558179592B400C6808A /* UIKit.framework in Frameworks */ = {isa = PBXBuildFile; fileRef = 13B16557179592B400C6808A /* UIKit.framework */; };
		13B1655A179592B400C6808A /* Foundation.framework in Frameworks */ = {isa = PBXBuildFile; fileRef = 13B16559179592B400C6808A /* Foundation.framework */; };
		13B1655C179592B400C6808A /* CoreGraphics.framework in Frameworks */ = {isa = PBXBuildFile; fileRef = 13B1655B179592B400C6808A /* CoreGraphics.framework */; };
		13B16562179592B400C6808A /* InfoPlist.strings in Resources */ = {isa = PBXBuildFile; fileRef = 13B16560179592B400C6808A /* InfoPlist.strings */; };
		13B16564179592B400C6808A /* main.m in Sources */ = {isa = PBXBuildFile; fileRef = 13B16563179592B400C6808A /* main.m */; };
		13B16568179592B400C6808A /* LDCAppDelegate.m in Sources */ = {isa = PBXBuildFile; fileRef = 13B16567179592B400C6808A /* LDCAppDelegate.m */; };
		13B1656A179592B400C6808A /* Default.png in Resources */ = {isa = PBXBuildFile; fileRef = 13B16569179592B400C6808A /* Default.png */; };
		13B1656C179592B400C6808A /* Default@2x.png in Resources */ = {isa = PBXBuildFile; fileRef = 13B1656B179592B400C6808A /* Default@2x.png */; };
		13B1656E179592B400C6808A /* Default-568h@2x.png in Resources */ = {isa = PBXBuildFile; fileRef = 13B1656D179592B400C6808A /* Default-568h@2x.png */; };
		13B16571179592B400C6808A /* MainStoryboard.storyboard in Resources */ = {isa = PBXBuildFile; fileRef = 13B1656F179592B400C6808A /* MainStoryboard.storyboard */; };
		13B16574179592B400C6808A /* LDCViewController.m in Sources */ = {isa = PBXBuildFile; fileRef = 13B16573179592B400C6808A /* LDCViewController.m */; };
		13B1657B179595A800C6808A /* RootVCTableViewASource.plist in Resources */ = {isa = PBXBuildFile; fileRef = 13B1657A179595A800C6808A /* RootVCTableViewASource.plist */; };
		13B16581179634D000C6808A /* NavBarBG@2x.png in Resources */ = {isa = PBXBuildFile; fileRef = 13B1657F179634D000C6808A /* NavBarBG@2x.png */; };
		13B16582179634D000C6808A /* NavBarBG.png in Resources */ = {isa = PBXBuildFile; fileRef = 13B16580179634D000C6808A /* NavBarBG.png */; };
		13B1658517963B4600C6808A /* NavBarButton@2x.png in Resources */ = {isa = PBXBuildFile; fileRef = 13B1658317963B4600C6808A /* NavBarButton@2x.png */; };
		13B1658617963B4600C6808A /* NavBarButton.png in Resources */ = {isa = PBXBuildFile; fileRef = 13B1658417963B4600C6808A /* NavBarButton.png */; };
		13B165941796457900C6808A /* LDCShelfViewController.m in Sources */ = {isa = PBXBuildFile; fileRef = 13B165921796457900C6808A /* LDCShelfViewController.m */; };
		13B165981796B4CA00C6808A /* backButton@2x.png in Resources */ = {isa = PBXBuildFile; fileRef = 13B165961796B4CA00C6808A /* backButton@2x.png */; };
		13B165991796B4CA00C6808A /* backButton.png in Resources */ = {isa = PBXBuildFile; fileRef = 13B165971796B4CA00C6808A /* backButton.png */; };
		13B1659E1796CBCE00C6808A /* LDCShelfTableViewCell.m in Sources */ = {isa = PBXBuildFile; fileRef = 13B1659D1796CBCE00C6808A /* LDCShelfTableViewCell.m */; };
		13B165A11796CFAF00C6808A /* ShelfHolder@2x.png in Resources */ = {isa = PBXBuildFile; fileRef = 13B1659F1796CFAF00C6808A /* ShelfHolder@2x.png */; };
		13B165A21796CFAF00C6808A /* ShelfHolder.png in Resources */ = {isa = PBXBuildFile; fileRef = 13B165A01796CFAF00C6808A /* ShelfHolder.png */; };
		13B165A61796D7AC00C6808A /* shelfBG@2x.png in Resources */ = {isa = PBXBuildFile; fileRef = 13B165A41796D7AB00C6808A /* shelfBG@2x.png */; };
		13B165A71796D7AC00C6808A /* shelfBG.png in Resources */ = {isa = PBXBuildFile; fileRef = 13B165A51796D7AC00C6808A /* shelfBG.png */; };
		13B165AB1796E35700C6808A /* LDCShelfTableViewCell.xib in Resources */ = {isa = PBXBuildFile; fileRef = 13B165AA1796E35700C6808A /* LDCShelfTableViewCell.xib */; };
		13E5B67D1797054D00B03787 /* LDCViewController.xib in Resources */ = {isa = PBXBuildFile; fileRef = 13E5B67C1797054D00B03787 /* LDCViewController.xib */; };
/* End PBXBuildFile section */

/* Begin PBXFileReference section */
		131F95F31797D61200123B6C /* scrollViewBackButton.png */ = {isa = PBXFileReference; lastKnownFileType = image.png; path = scrollViewBackButton.png; sourceTree = "<group>"; };
		131F95F41797D61200123B6C /* scrollViewBackButton@2x.png */ = {isa = PBXFileReference; lastKnownFileType = image.png; path = "scrollViewBackButton@2x.png"; sourceTree = "<group>"; };
		131F95F51797D61200123B6C /* TabBar@2x.png */ = {isa = PBXFileReference; lastKnownFileType = image.png; path = "TabBar@2x.png"; sourceTree = "<group>"; };
		131F95F61797D61200123B6C /* TabBar.png */ = {isa = PBXFileReference; lastKnownFileType = image.png; path = TabBar.png; sourceTree = "<group>"; };
		131F95FD17982C0800123B6C /* LDCBasicScrollViewController.h */ = {isa = PBXFileReference; fileEncoding = 4; lastKnownFileType = sourcecode.c.h; path = LDCBasicScrollViewController.h; sourceTree = "<group>"; };
		131F95FE17982C0800123B6C /* LDCBasicScrollViewController.m */ = {isa = PBXFileReference; fileEncoding = 4; lastKnownFileType = sourcecode.c.objc; path = LDCBasicScrollViewController.m; sourceTree = "<group>"; };
		131F95FF17982C0800123B6C /* LDCBasicScrollViewController.xib */ = {isa = PBXFileReference; fileEncoding = 4; lastKnownFileType = file.xib; path = LDCBasicScrollViewController.xib; sourceTree = "<group>"; };
		131F960217982F4200123B6C /* poster3@2x.png */ = {isa = PBXFileReference; lastKnownFileType = image.png; path = "poster3@2x.png"; sourceTree = "<group>"; };
		131F960317982F4200123B6C /* poster1@2x.png */ = {isa = PBXFileReference; lastKnownFileType = image.png; path = "poster1@2x.png"; sourceTree = "<group>"; };
		131F960417982F4200123B6C /* poster3.png */ = {isa = PBXFileReference; lastKnownFileType = image.png; path = poster3.png; sourceTree = "<group>"; };
		131F960517982F4200123B6C /* poster1.png */ = {isa = PBXFileReference; lastKnownFileType = image.png; path = poster1.png; sourceTree = "<group>"; };
		131F960617982F4200123B6C /* poster2@2x.png */ = {isa = PBXFileReference; lastKnownFileType = image.png; path = "poster2@2x.png"; sourceTree = "<group>"; };
		131F960717982F4200123B6C /* poster2.png */ = {isa = PBXFileReference; lastKnownFileType = image.png; path = poster2.png; sourceTree = "<group>"; };
		131F960E17984F4400123B6C /* Light.png */ = {isa = PBXFileReference; lastKnownFileType = image.png; path = Light.png; sourceTree = "<group>"; };
		131F960F17984F4400123B6C /* Light@2x.png */ = {isa = PBXFileReference; lastKnownFileType = image.png; path = "Light@2x.png"; sourceTree = "<group>"; };
		132E891917993F2A00CF50E9 /* navBG@2x.png */ = {isa = PBXFileReference; lastKnownFileType = image.png; path = "navBG@2x.png"; sourceTree = "<group>"; };
		132E891A17993F2A00CF50E9 /* navBG.png */ = {isa = PBXFileReference; lastKnownFileType = image.png; path = navBG.png; sourceTree = "<group>"; };
		132E891D1799434000CF50E9 /* poster4@2x.png */ = {isa = PBXFileReference; lastKnownFileType = image.png; path = "poster4@2x.png"; sourceTree = "<group>"; };
		132E891E1799434000CF50E9 /* poster4.png */ = {isa = PBXFileReference; lastKnownFileType = image.png; path = poster4.png; sourceTree = "<group>"; };
		132E891F1799434000CF50E9 /* poster0@2x.png */ = {isa = PBXFileReference; lastKnownFileType = image.png; path = "poster0@2x.png"; sourceTree = "<group>"; };
		132E89201799434000CF50E9 /* poster0.png */ = {isa = PBXFileReference; lastKnownFileType = image.png; path = poster0.png; sourceTree = "<group>"; };
		132E89251799608B00CF50E9 /* detailImage.png */ = {isa = PBXFileReference; lastKnownFileType = image.png; path = detailImage.png; sourceTree = "<group>"; };
		132E89261799608B00CF50E9 /* detailImage@2x.png */ = {isa = PBXFileReference; lastKnownFileType = image.png; path = "detailImage@2x.png"; sourceTree = "<group>"; };
		132E89291799650700CF50E9 /* Icon@2x.png */ = {isa = PBXFileReference; lastKnownFileType = image.png; path = "Icon@2x.png"; sourceTree = "<group>"; };
		132E892B1799650B00CF50E9 /* Icon.png */ = {isa = PBXFileReference; lastKnownFileType = image.png; path = Icon.png; sourceTree = "<group>"; };
		132E892D1799687E00CF50E9 /* Bach.png */ = {isa = PBXFileReference; lastKnownFileType = image.png; path = Bach.png; sourceTree = "<group>"; };
		132E892E1799687E00CF50E9 /* Bach@2x.png */ = {isa = PBXFileReference; lastKnownFileType = image.png; path = "Bach@2x.png"; sourceTree = "<group>"; };
		132E892F1799687E00CF50E9 /* Beethoven.png */ = {isa = PBXFileReference; lastKnownFileType = image.png; path = Beethoven.png; sourceTree = "<group>"; };
		132E89301799687E00CF50E9 /* Beethoven@2x.png */ = {isa = PBXFileReference; lastKnownFileType = image.png; path = "Beethoven@2x.png"; sourceTree = "<group>"; };
		132E89311799687F00CF50E9 /* Chopin.png */ = {isa = PBXFileReference; lastKnownFileType = image.png; path = Chopin.png; sourceTree = "<group>"; };
		132E89321799687F00CF50E9 /* Chopin@2x.png */ = {isa = PBXFileReference; lastKnownFileType = image.png; path = "Chopin@2x.png"; sourceTree = "<group>"; };
		132E89331799687F00CF50E9 /* Hayden.png */ = {isa = PBXFileReference; lastKnownFileType = image.png; path = Hayden.png; sourceTree = "<group>"; };
		132E89341799687F00CF50E9 /* Hayden@2x.png */ = {isa = PBXFileReference; lastKnownFileType = image.png; path = "Hayden@2x.png"; sourceTree = "<group>"; };
		132E89351799687F00CF50E9 /* Shubert.png */ = {isa = PBXFileReference; lastKnownFileType = image.png; path = Shubert.png; sourceTree = "<group>"; };
		132E89361799687F00CF50E9 /* Shubert@2x.png */ = {isa = PBXFileReference; lastKnownFileType = image.png; path = "Shubert@2x.png"; sourceTree = "<group>"; };
		132E894117996C7600CF50E9 /* Chords1.png */ = {isa = PBXFileReference; lastKnownFileType = image.png; path = Chords1.png; sourceTree = "<group>"; };
		132E894217996C7600CF50E9 /* Chords1@2x.png */ = {isa = PBXFileReference; lastKnownFileType = image.png; path = "Chords1@2x.png"; sourceTree = "<group>"; };
		132E894317996C7600CF50E9 /* Chords2.png */ = {isa = PBXFileReference; lastKnownFileType = image.png; path = Chords2.png; sourceTree = "<group>"; };
		132E894417996C7600CF50E9 /* Chords2@2x.png */ = {isa = PBXFileReference; lastKnownFileType = image.png; path = "Chords2@2x.png"; sourceTree = "<group>"; };
		132E894517996C7600CF50E9 /* Chords3.png */ = {isa = PBXFileReference; lastKnownFileType = image.png; path = Chords3.png; sourceTree = "<group>"; };
		132E894617996C7600CF50E9 /* Chords3@2x.png */ = {isa = PBXFileReference; lastKnownFileType = image.png; path = "Chords3@2x.png"; sourceTree = "<group>"; };
		13433A661797AC45008FD042 /* 0.png */ = {isa = PBXFileReference; lastKnownFileType = image.png; path = 0.png; sourceTree = "<group>"; };
		13433A671797AC45008FD042 /* 1.png */ = {isa = PBXFileReference; lastKnownFileType = image.png; path = 1.png; sourceTree = "<group>"; };
		13433A681797AC45008FD042 /* 2.png */ = {isa = PBXFileReference; lastKnownFileType = image.png; path = 2.png; sourceTree = "<group>"; };
		13433A691797AC45008FD042 /* 3.png */ = {isa = PBXFileReference; lastKnownFileType = image.png; path = 3.png; sourceTree = "<group>"; };
		13613F64179BA1200082BD08 /* LDCWebViewController.h */ = {isa = PBXFileReference; fileEncoding = 4; lastKnownFileType = sourcecode.c.h; path = LDCWebViewController.h; sourceTree = "<group>"; };
		13613F65179BA1200082BD08 /* LDCWebViewController.m */ = {isa = PBXFileReference; fileEncoding = 4; lastKnownFileType = sourcecode.c.objc; path = LDCWebViewController.m; sourceTree = "<group>"; };
		13613F67179BB2EC0082BD08 /* LDCTableViewCellControlViewController.h */ = {isa = PBXFileReference; fileEncoding = 4; lastKnownFileType = sourcecode.c.h; path = LDCTableViewCellControlViewController.h; sourceTree = "<group>"; };
		13613F68179BB2EC0082BD08 /* LDCTableViewCellControlViewController.m */ = {isa = PBXFileReference; fileEncoding = 4; lastKnownFileType = sourcecode.c.objc; path = LDCTableViewCellControlViewController.m; sourceTree = "<group>"; };
		13613F6A179BC4510082BD08 /* done_button.png */ = {isa = PBXFileReference; lastKnownFileType = image.png; path = done_button.png; sourceTree = "<group>"; };
		13613F6B179BC4510082BD08 /* done_button@2x.png */ = {isa = PBXFileReference; lastKnownFileType = image.png; path = "done_button@2x.png"; sourceTree = "<group>"; };
		13613F6E179BCF340082BD08 /* Edit_button@2x.png */ = {isa = PBXFileReference; lastKnownFileType = image.png; path = "Edit_button@2x.png"; sourceTree = "<group>"; };
		13613F6F179BCF340082BD08 /* Edit_button.png */ = {isa = PBXFileReference; lastKnownFileType = image.png; path = Edit_button.png; sourceTree = "<group>"; };
		1390D189179A4BE700EF9537 /* LDCSideMenuViewController.h */ = {isa = PBXFileReference; fileEncoding = 4; lastKnownFileType = sourcecode.c.h; path = LDCSideMenuViewController.h; sourceTree = "<group>"; };
		1390D18A179A4BE700EF9537 /* LDCSideMenuViewController.m */ = {isa = PBXFileReference; fileEncoding = 4; lastKnownFileType = sourcecode.c.objc; path = LDCSideMenuViewController.m; sourceTree = "<group>"; };
		1390D18B179A4BE700EF9537 /* LDCSideMenuViewController.xib */ = {isa = PBXFileReference; fileEncoding = 4; lastKnownFileType = file.xib; path = LDCSideMenuViewController.xib; sourceTree = "<group>"; };
		1390D18F179A5CC500EF9537 /* AccelerationAnimation.h */ = {isa = PBXFileReference; fileEncoding = 4; lastKnownFileType = sourcecode.c.h; path = AccelerationAnimation.h; sourceTree = "<group>"; };
		1390D190179A5CC500EF9537 /* AccelerationAnimation.m */ = {isa = PBXFileReference; fileEncoding = 4; lastKnownFileType = sourcecode.c.objc; path = AccelerationAnimation.m; sourceTree = "<group>"; };
		1390D191179A5CC500EF9537 /* Evaluate.h */ = {isa = PBXFileReference; fileEncoding = 4; lastKnownFileType = sourcecode.c.h; path = Evaluate.h; sourceTree = "<group>"; };
		1390D192179A5CC500EF9537 /* Evaluate.m */ = {isa = PBXFileReference; fileEncoding = 4; lastKnownFileType = sourcecode.c.objc; path = Evaluate.m; sourceTree = "<group>"; };
		1390D193179A5CC500EF9537 /* REBackgroundView.h */ = {isa = PBXFileReference; fileEncoding = 4; lastKnownFileType = sourcecode.c.h; path = REBackgroundView.h; sourceTree = "<group>"; };
		1390D194179A5CC500EF9537 /* REBackgroundView.m */ = {isa = PBXFileReference; fileEncoding = 4; lastKnownFileType = sourcecode.c.objc; path = REBackgroundView.m; sourceTree = "<group>"; };
		1390D195179A5CC500EF9537 /* RESideMenu.h */ = {isa = PBXFileReference; fileEncoding = 4; lastKnownFileType = sourcecode.c.h; path = RESideMenu.h; sourceTree = "<group>"; };
		1390D196179A5CC500EF9537 /* RESideMenu.m */ = {isa = PBXFileReference; fileEncoding = 4; lastKnownFileType = sourcecode.c.objc; path = RESideMenu.m; sourceTree = "<group>"; };
		1390D197179A5CC500EF9537 /* RESideMenuCell.h */ = {isa = PBXFileReference; fileEncoding = 4; lastKnownFileType = sourcecode.c.h; path = RESideMenuCell.h; sourceTree = "<group>"; };
		1390D198179A5CC500EF9537 /* RESideMenuCell.m */ = {isa = PBXFileReference; fileEncoding = 4; lastKnownFileType = sourcecode.c.objc; path = RESideMenuCell.m; sourceTree = "<group>"; };
		1390D199179A5CC500EF9537 /* RESideMenuItem.h */ = {isa = PBXFileReference; fileEncoding = 4; lastKnownFileType = sourcecode.c.h; path = RESideMenuItem.h; sourceTree = "<group>"; };
		1390D19A179A5CC500EF9537 /* RESideMenuItem.m */ = {isa = PBXFileReference; fileEncoding = 4; lastKnownFileType = sourcecode.c.objc; path = RESideMenuItem.m; sourceTree = "<group>"; };
		1390D19B179A5CC500EF9537 /* UIWindow+RESideMenuExtensions.h */ = {isa = PBXFileReference; fileEncoding = 4; lastKnownFileType = sourcecode.c.h; path = "UIWindow+RESideMenuExtensions.h"; sourceTree = "<group>"; };
		1390D19C179A5CC500EF9537 /* UIWindow+RESideMenuExtensions.m */ = {isa = PBXFileReference; fileEncoding = 4; lastKnownFileType = sourcecode.c.objc; path = "UIWindow+RESideMenuExtensions.m"; sourceTree = "<group>"; };
		1390D1A6179A618E00EF9537 /* QuartzCore.framework */ = {isa = PBXFileReference; lastKnownFileType = wrapper.framework; name = QuartzCore.framework; path = System/Library/Frameworks/QuartzCore.framework; sourceTree = SDKROOT; };
		1390D1A8179A707600EF9537 /* startButton@2x.png */ = {isa = PBXFileReference; lastKnownFileType = image.png; path = "startButton@2x.png"; sourceTree = "<group>"; };
		1390D1A9179A707600EF9537 /* startButton.png */ = {isa = PBXFileReference; lastKnownFileType = image.png; path = startButton.png; sourceTree = "<group>"; };
		1390D1AD179A78BF00EF9537 /* LDCHomeViewController.h */ = {isa = PBXFileReference; fileEncoding = 4; lastKnownFileType = sourcecode.c.h; path = LDCHomeViewController.h; sourceTree = "<group>"; };
		1390D1AE179A78BF00EF9537 /* LDCHomeViewController.m */ = {isa = PBXFileReference; fileEncoding = 4; lastKnownFileType = sourcecode.c.objc; path = LDCHomeViewController.m; sourceTree = "<group>"; };
		1390D1B0179A80E800EF9537 /* LDCControlPanelViewController.h */ = {isa = PBXFileReference; fileEncoding = 4; lastKnownFileType = sourcecode.c.h; path = LDCControlPanelViewController.h; sourceTree = "<group>"; };
		1390D1B1179A80E800EF9537 /* LDCControlPanelViewController.m */ = {isa = PBXFileReference; fileEncoding = 4; lastKnownFileType = sourcecode.c.objc; path = LDCControlPanelViewController.m; sourceTree = "<group>"; };
		1390D1B3179AD10100EF9537 /* AVFoundation.framework */ = {isa = PBXFileReference; lastKnownFileType = wrapper.framework; name = AVFoundation.framework; path = System/Library/Frameworks/AVFoundation.framework; sourceTree = SDKROOT; };
		1390D1B6179AD24900EF9537 /* Sound01.wav */ = {isa = PBXFileReference; lastKnownFileType = audio.wav; path = Sound01.wav; sourceTree = "<group>"; };
		1390D1BA179ADAF800EF9537 /* LDCSoundManager.h */ = {isa = PBXFileReference; fileEncoding = 4; lastKnownFileType = sourcecode.c.h; path = LDCSoundManager.h; sourceTree = "<group>"; };
		1390D1BB179ADAF800EF9537 /* LDCSoundManager.m */ = {isa = PBXFileReference; fileEncoding = 4; lastKnownFileType = sourcecode.c.objc; path = LDCSoundManager.m; sourceTree = "<group>"; };
		1390D1BD179ADB6000EF9537 /* AudioToolbox.framework */ = {isa = PBXFileReference; lastKnownFileType = wrapper.framework; name = AudioToolbox.framework; path = System/Library/Frameworks/AudioToolbox.framework; sourceTree = SDKROOT; };
		1390D1BF179ADECE00EF9537 /* LDCGraphicName.h */ = {isa = PBXFileReference; fileEncoding = 4; lastKnownFileType = sourcecode.c.h; path = LDCGraphicName.h; sourceTree = "<group>"; };
		13B16554179592B400C6808A /* ViewPack.app */ = {isa = PBXFileReference; explicitFileType = wrapper.application; includeInIndex = 0; path = ViewPack.app; sourceTree = BUILT_PRODUCTS_DIR; };
		13B16557179592B400C6808A /* UIKit.framework */ = {isa = PBXFileReference; lastKnownFileType = wrapper.framework; name = UIKit.framework; path = System/Library/Frameworks/UIKit.framework; sourceTree = SDKROOT; };
		13B16559179592B400C6808A /* Foundation.framework */ = {isa = PBXFileReference; lastKnownFileType = wrapper.framework; name = Foundation.framework; path = System/Library/Frameworks/Foundation.framework; sourceTree = SDKROOT; };
		13B1655B179592B400C6808A /* CoreGraphics.framework */ = {isa = PBXFileReference; lastKnownFileType = wrapper.framework; name = CoreGraphics.framework; path = System/Library/Frameworks/CoreGraphics.framework; sourceTree = SDKROOT; };
		13B1655F179592B400C6808A /* ViewPack-Info.plist */ = {isa = PBXFileReference; lastKnownFileType = text.plist.xml; path = "ViewPack-Info.plist"; sourceTree = "<group>"; };
		13B16561179592B400C6808A /* en */ = {isa = PBXFileReference; lastKnownFileType = text.plist.strings; name = en; path = en.lproj/InfoPlist.strings; sourceTree = "<group>"; };
		13B16563179592B400C6808A /* main.m */ = {isa = PBXFileReference; lastKnownFileType = sourcecode.c.objc; path = main.m; sourceTree = "<group>"; };
		13B16565179592B400C6808A /* ViewPack-Prefix.pch */ = {isa = PBXFileReference; lastKnownFileType = sourcecode.c.h; path = "ViewPack-Prefix.pch"; sourceTree = "<group>"; };
		13B16566179592B400C6808A /* LDCAppDelegate.h */ = {isa = PBXFileReference; lastKnownFileType = sourcecode.c.h; path = LDCAppDelegate.h; sourceTree = "<group>"; };
		13B16567179592B400C6808A /* LDCAppDelegate.m */ = {isa = PBXFileReference; lastKnownFileType = sourcecode.c.objc; path = LDCAppDelegate.m; sourceTree = "<group>"; };
		13B16569179592B400C6808A /* Default.png */ = {isa = PBXFileReference; lastKnownFileType = image.png; path = Default.png; sourceTree = "<group>"; };
		13B1656B179592B400C6808A /* Default@2x.png */ = {isa = PBXFileReference; lastKnownFileType = image.png; path = "Default@2x.png"; sourceTree = "<group>"; };
		13B1656D179592B400C6808A /* Default-568h@2x.png */ = {isa = PBXFileReference; lastKnownFileType = image.png; path = "Default-568h@2x.png"; sourceTree = "<group>"; };
		13B16570179592B400C6808A /* en */ = {isa = PBXFileReference; lastKnownFileType = file.storyboard; name = en; path = en.lproj/MainStoryboard.storyboard; sourceTree = "<group>"; };
		13B16572179592B400C6808A /* LDCViewController.h */ = {isa = PBXFileReference; lastKnownFileType = sourcecode.c.h; path = LDCViewController.h; sourceTree = "<group>"; };
		13B16573179592B400C6808A /* LDCViewController.m */ = {isa = PBXFileReference; lastKnownFileType = sourcecode.c.objc; path = LDCViewController.m; sourceTree = "<group>"; };
		13B1657A179595A800C6808A /* RootVCTableViewASource.plist */ = {isa = PBXFileReference; fileEncoding = 4; lastKnownFileType = text.plist.xml; path = RootVCTableViewASource.plist; sourceTree = "<group>"; };
		13B1657F179634D000C6808A /* NavBarBG@2x.png */ = {isa = PBXFileReference; lastKnownFileType = image.png; path = "NavBarBG@2x.png"; sourceTree = "<group>"; };
		13B16580179634D000C6808A /* NavBarBG.png */ = {isa = PBXFileReference; lastKnownFileType = image.png; path = NavBarBG.png; sourceTree = "<group>"; };
		13B1658317963B4600C6808A /* NavBarButton@2x.png */ = {isa = PBXFileReference; lastKnownFileType = image.png; path = "NavBarButton@2x.png"; sourceTree = "<group>"; };
		13B1658417963B4600C6808A /* NavBarButton.png */ = {isa = PBXFileReference; lastKnownFileType = image.png; path = NavBarButton.png; sourceTree = "<group>"; };
		13B165911796457900C6808A /* LDCShelfViewController.h */ = {isa = PBXFileReference; fileEncoding = 4; lastKnownFileType = sourcecode.c.h; path = LDCShelfViewController.h; sourceTree = "<group>"; };
		13B165921796457900C6808A /* LDCShelfViewController.m */ = {isa = PBXFileReference; fileEncoding = 4; lastKnownFileType = sourcecode.c.objc; path = LDCShelfViewController.m; sourceTree = "<group>"; };
		13B165961796B4CA00C6808A /* backButton@2x.png */ = {isa = PBXFileReference; lastKnownFileType = image.png; path = "backButton@2x.png"; sourceTree = "<group>"; };
		13B165971796B4CA00C6808A /* backButton.png */ = {isa = PBXFileReference; lastKnownFileType = image.png; path = backButton.png; sourceTree = "<group>"; };
		13B1659C1796CBCE00C6808A /* LDCShelfTableViewCell.h */ = {isa = PBXFileReference; fileEncoding = 4; lastKnownFileType = sourcecode.c.h; path = LDCShelfTableViewCell.h; sourceTree = "<group>"; };
		13B1659D1796CBCE00C6808A /* LDCShelfTableViewCell.m */ = {isa = PBXFileReference; fileEncoding = 4; lastKnownFileType = sourcecode.c.objc; path = LDCShelfTableViewCell.m; sourceTree = "<group>"; };
		13B1659F1796CFAF00C6808A /* ShelfHolder@2x.png */ = {isa = PBXFileReference; lastKnownFileType = image.png; path = "ShelfHolder@2x.png"; sourceTree = "<group>"; };
		13B165A01796CFAF00C6808A /* ShelfHolder.png */ = {isa = PBXFileReference; lastKnownFileType = image.png; path = ShelfHolder.png; sourceTree = "<group>"; };
		13B165A41796D7AB00C6808A /* shelfBG@2x.png */ = {isa = PBXFileReference; lastKnownFileType = image.png; path = "shelfBG@2x.png"; sourceTree = "<group>"; };
		13B165A51796D7AC00C6808A /* shelfBG.png */ = {isa = PBXFileReference; lastKnownFileType = image.png; path = shelfBG.png; sourceTree = "<group>"; };
		13B165AA1796E35700C6808A /* LDCShelfTableViewCell.xib */ = {isa = PBXFileReference; fileEncoding = 4; lastKnownFileType = file.xib; path = LDCShelfTableViewCell.xib; sourceTree = "<group>"; };
		13E5B67C1797054D00B03787 /* LDCViewController.xib */ = {isa = PBXFileReference; fileEncoding = 4; lastKnownFileType = file.xib; path = LDCViewController.xib; sourceTree = "<group>"; };
/* End PBXFileReference section */

/* Begin PBXFrameworksBuildPhase section */
		13B16551179592B400C6808A /* Frameworks */ = {
			isa = PBXFrameworksBuildPhase;
			buildActionMask = 2147483647;
			files = (
				1390D1BE179ADB6000EF9537 /* AudioToolbox.framework in Frameworks */,
				1390D1B4179AD10100EF9537 /* AVFoundation.framework in Frameworks */,
				1390D1A7179A618E00EF9537 /* QuartzCore.framework in Frameworks */,
				13B16558179592B400C6808A /* UIKit.framework in Frameworks */,
				13B1655A179592B400C6808A /* Foundation.framework in Frameworks */,
				13B1655C179592B400C6808A /* CoreGraphics.framework in Frameworks */,
			);
			runOnlyForDeploymentPostprocessing = 0;
		};
/* End PBXFrameworksBuildPhase section */

/* Begin PBXGroup section */
		1390D18E179A5CC500EF9537 /* RESideMenu */ = {
			isa = PBXGroup;
			children = (
				1390D18F179A5CC500EF9537 /* AccelerationAnimation.h */,
				1390D190179A5CC500EF9537 /* AccelerationAnimation.m */,
				1390D191179A5CC500EF9537 /* Evaluate.h */,
				1390D192179A5CC500EF9537 /* Evaluate.m */,
				1390D193179A5CC500EF9537 /* REBackgroundView.h */,
				1390D194179A5CC500EF9537 /* REBackgroundView.m */,
				1390D195179A5CC500EF9537 /* RESideMenu.h */,
				1390D196179A5CC500EF9537 /* RESideMenu.m */,
				1390D197179A5CC500EF9537 /* RESideMenuCell.h */,
				1390D198179A5CC500EF9537 /* RESideMenuCell.m */,
				1390D199179A5CC500EF9537 /* RESideMenuItem.h */,
				1390D19A179A5CC500EF9537 /* RESideMenuItem.m */,
				1390D19B179A5CC500EF9537 /* UIWindow+RESideMenuExtensions.h */,
				1390D19C179A5CC500EF9537 /* UIWindow+RESideMenuExtensions.m */,
			);
			path = RESideMenu;
			sourceTree = "<group>";
		};
		1390D1A4179A5CCF00EF9537 /* Library */ = {
			isa = PBXGroup;
			children = (
				1390D18E179A5CC500EF9537 /* RESideMenu */,
			);
			name = Library;
			sourceTree = "<group>";
		};
		1390D1AC179A787600EF9537 /* SideMenuSubViewController */ = {
			isa = PBXGroup;
			children = (
				1390D1AD179A78BF00EF9537 /* LDCHomeViewController.h */,
				1390D1AE179A78BF00EF9537 /* LDCHomeViewController.m */,
				1390D1B0179A80E800EF9537 /* LDCControlPanelViewController.h */,
				1390D1B1179A80E800EF9537 /* LDCControlPanelViewController.m */,
			);
			name = SideMenuSubViewController;
			sourceTree = "<group>";
		};
		1390D1B5179AD1A300EF9537 /* Audio */ = {
			isa = PBXGroup;
			children = (
				1390D1B6179AD24900EF9537 /* Sound01.wav */,
			);
			name = Audio;
			sourceTree = "<group>";
		};
		1390D1B8179ADA9400EF9537 /* Model */ = {
			isa = PBXGroup;
			children = (
				1390D1BA179ADAF800EF9537 /* LDCSoundManager.h */,
				1390D1BB179ADAF800EF9537 /* LDCSoundManager.m */,
				1390D1BF179ADECE00EF9537 /* LDCGraphicName.h */,
			);
			name = Model;
			sourceTree = "<group>";
		};
		1390D1B9179ADABE00EF9537 /* Basic */ = {
			isa = PBXGroup;
			children = (
				13B16566179592B400C6808A /* LDCAppDelegate.h */,
				13B16567179592B400C6808A /* LDCAppDelegate.m */,
				13B1656F179592B400C6808A /* MainStoryboard.storyboard */,
				13B16572179592B400C6808A /* LDCViewController.h */,
				13B16573179592B400C6808A /* LDCViewController.m */,
				13E5B67C1797054D00B03787 /* LDCViewController.xib */,
			);
			name = Basic;
			sourceTree = "<group>";
		};
		13B1654B179592B400C6808A = {
			isa = PBXGroup;
			children = (
				132E892B1799650B00CF50E9 /* Icon.png */,
				132E89291799650700CF50E9 /* Icon@2x.png */,
				13B1655D179592B400C6808A /* ViewPack */,
				13B16556179592B400C6808A /* Frameworks */,
				13B16555179592B400C6808A /* Products */,
			);
			sourceTree = "<group>";
		};
		13B16555179592B400C6808A /* Products */ = {
			isa = PBXGroup;
			children = (
				13B16554179592B400C6808A /* ViewPack.app */,
			);
			name = Products;
			sourceTree = "<group>";
		};
		13B16556179592B400C6808A /* Frameworks */ = {
			isa = PBXGroup;
			children = (
				1390D1BD179ADB6000EF9537 /* AudioToolbox.framework */,
				1390D1B3179AD10100EF9537 /* AVFoundation.framework */,
				1390D1A6179A618E00EF9537 /* QuartzCore.framework */,
				13B16557179592B400C6808A /* UIKit.framework */,
				13B16559179592B400C6808A /* Foundation.framework */,
				13B1655B179592B400C6808A /* CoreGraphics.framework */,
			);
			name = Frameworks;
			sourceTree = "<group>";
		};
		13B1655D179592B400C6808A /* ViewPack */ = {
			isa = PBXGroup;
			children = (
				1390D1B9179ADABE00EF9537 /* Basic */,
				1390D1B8179ADA9400EF9537 /* Model */,
				13B1659B1796CB9200C6808A /* View */,
				13B1658717963DBE00C6808A /* Controller */,
				1390D1B5179AD1A300EF9537 /* Audio */,
				1390D1A4179A5CCF00EF9537 /* Library */,
				13B1657C1795B08F00C6808A /* Image */,
				13B1655E179592B400C6808A /* Supporting Files */,
			);
			path = ViewPack;
			sourceTree = "<group>";
		};
		13B1655E179592B400C6808A /* Supporting Files */ = {
			isa = PBXGroup;
			children = (
				13B1655F179592B400C6808A /* ViewPack-Info.plist */,
				13B1657A179595A800C6808A /* RootVCTableViewASource.plist */,
				13B16560179592B400C6808A /* InfoPlist.strings */,
				13B16563179592B400C6808A /* main.m */,
				13B16565179592B400C6808A /* ViewPack-Prefix.pch */,
				13B16569179592B400C6808A /* Default.png */,
				13B1656B179592B400C6808A /* Default@2x.png */,
				13B1656D179592B400C6808A /* Default-568h@2x.png */,
			);
			name = "Supporting Files";
			sourceTree = "<group>";
		};
		13B1657C1795B08F00C6808A /* Image */ = {
			isa = PBXGroup;
			children = (
				13613F6E179BCF340082BD08 /* Edit_button@2x.png */,
				13613F6F179BCF340082BD08 /* Edit_button.png */,
				13613F6A179BC4510082BD08 /* done_button.png */,
				13613F6B179BC4510082BD08 /* done_button@2x.png */,
				1390D1A8179A707600EF9537 /* startButton@2x.png */,
				1390D1A9179A707600EF9537 /* startButton.png */,
				132E894117996C7600CF50E9 /* Chords1.png */,
				132E894217996C7600CF50E9 /* Chords1@2x.png */,
				132E894317996C7600CF50E9 /* Chords2.png */,
				132E894417996C7600CF50E9 /* Chords2@2x.png */,
				132E894517996C7600CF50E9 /* Chords3.png */,
				132E894617996C7600CF50E9 /* Chords3@2x.png */,
				132E892D1799687E00CF50E9 /* Bach.png */,
				132E892E1799687E00CF50E9 /* Bach@2x.png */,
				132E892F1799687E00CF50E9 /* Beethoven.png */,
				132E89301799687E00CF50E9 /* Beethoven@2x.png */,
				132E89311799687F00CF50E9 /* Chopin.png */,
				132E89321799687F00CF50E9 /* Chopin@2x.png */,
				132E89331799687F00CF50E9 /* Hayden.png */,
				132E89341799687F00CF50E9 /* Hayden@2x.png */,
				132E89351799687F00CF50E9 /* Shubert.png */,
				132E89361799687F00CF50E9 /* Shubert@2x.png */,
				132E89251799608B00CF50E9 /* detailImage.png */,
				132E89261799608B00CF50E9 /* detailImage@2x.png */,
				132E891917993F2A00CF50E9 /* navBG@2x.png */,
				132E891A17993F2A00CF50E9 /* navBG.png */,
				131F960E17984F4400123B6C /* Light.png */,
				131F960F17984F4400123B6C /* Light@2x.png */,
				132E891D1799434000CF50E9 /* poster4@2x.png */,
				132E891E1799434000CF50E9 /* poster4.png */,
				131F960217982F4200123B6C /* poster3@2x.png */,
				131F960417982F4200123B6C /* poster3.png */,
				131F960617982F4200123B6C /* poster2@2x.png */,
				131F960717982F4200123B6C /* poster2.png */,
				131F960317982F4200123B6C /* poster1@2x.png */,
				131F960517982F4200123B6C /* poster1.png */,
				132E891F1799434000CF50E9 /* poster0@2x.png */,
				132E89201799434000CF50E9 /* poster0.png */,
				131F95F31797D61200123B6C /* scrollViewBackButton.png */,
				131F95F41797D61200123B6C /* scrollViewBackButton@2x.png */,
				131F95F51797D61200123B6C /* TabBar@2x.png */,
				131F95F61797D61200123B6C /* TabBar.png */,
				13433A661797AC45008FD042 /* 0.png */,
				13433A671797AC45008FD042 /* 1.png */,
				13433A681797AC45008FD042 /* 2.png */,
				13433A691797AC45008FD042 /* 3.png */,
				13B165A41796D7AB00C6808A /* shelfBG@2x.png */,
				13B165A51796D7AC00C6808A /* shelfBG.png */,
				13B1659F1796CFAF00C6808A /* ShelfHolder@2x.png */,
				13B165A01796CFAF00C6808A /* ShelfHolder.png */,
				13B165961796B4CA00C6808A /* backButton@2x.png */,
				13B165971796B4CA00C6808A /* backButton.png */,
				13B1658317963B4600C6808A /* NavBarButton@2x.png */,
				13B1658417963B4600C6808A /* NavBarButton.png */,
				13B1657F179634D000C6808A /* NavBarBG@2x.png */,
				13B16580179634D000C6808A /* NavBarBG.png */,
			);
			name = Image;
			sourceTree = "<group>";
		};
		13B1658717963DBE00C6808A /* Controller */ = {
			isa = PBXGroup;
			children = (
				13B165911796457900C6808A /* LDCShelfViewController.h */,
				13B165921796457900C6808A /* LDCShelfViewController.m */,
				131F95FD17982C0800123B6C /* LDCBasicScrollViewController.h */,
				131F95FE17982C0800123B6C /* LDCBasicScrollViewController.m */,
				131F95FF17982C0800123B6C /* LDCBasicScrollViewController.xib */,
				1390D189179A4BE700EF9537 /* LDCSideMenuViewController.h */,
				1390D18A179A4BE700EF9537 /* LDCSideMenuViewController.m */,
				1390D18B179A4BE700EF9537 /* LDCSideMenuViewController.xib */,
				13613F67179BB2EC0082BD08 /* LDCTableViewCellControlViewController.h */,
				13613F68179BB2EC0082BD08 /* LDCTableViewCellControlViewController.m */,
				13613F64179BA1200082BD08 /* LDCWebViewController.h */,
				13613F65179BA1200082BD08 /* LDCWebViewController.m */,
				1390D1AC179A787600EF9537 /* SideMenuSubViewController */,
			);
			name = Controller;
			sourceTree = "<group>";
		};
		13B1659B1796CB9200C6808A /* View */ = {
			isa = PBXGroup;
			children = (
				13B1659C1796CBCE00C6808A /* LDCShelfTableViewCell.h */,
				13B1659D1796CBCE00C6808A /* LDCShelfTableViewCell.m */,
				13B165AA1796E35700C6808A /* LDCShelfTableViewCell.xib */,
			);
			name = View;
			sourceTree = "<group>";
		};
/* End PBXGroup section */

/* Begin PBXNativeTarget section */
		13B16553179592B400C6808A /* ViewPack */ = {
			isa = PBXNativeTarget;
			buildConfigurationList = 13B16577179592B400C6808A /* Build configuration list for PBXNativeTarget "ViewPack" */;
			buildPhases = (
				13B16550179592B400C6808A /* Sources */,
				13B16551179592B400C6808A /* Frameworks */,
				13B16552179592B400C6808A /* Resources */,
			);
			buildRules = (
			);
			dependencies = (
			);
			name = ViewPack;
			productName = ViewPack;
			productReference = 13B16554179592B400C6808A /* ViewPack.app */;
			productType = "com.apple.product-type.application";
		};
/* End PBXNativeTarget section */

/* Begin PBXProject section */
		13B1654C179592B400C6808A /* Project object */ = {
			isa = PBXProject;
			attributes = {
				CLASSPREFIX = LDC;
				LastUpgradeCheck = 0460;
				ORGANIZATIONNAME = "大畅";
			};
			buildConfigurationList = 13B1654F179592B400C6808A /* Build configuration list for PBXProject "ViewPack" */;
			compatibilityVersion = "Xcode 3.2";
			developmentRegion = English;
			hasScannedForEncodings = 0;
			knownRegions = (
				en,
			);
			mainGroup = 13B1654B179592B400C6808A;
			productRefGroup = 13B16555179592B400C6808A /* Products */;
			projectDirPath = "";
			projectRoot = "";
			targets = (
				13B16553179592B400C6808A /* ViewPack */,
			);
		};
/* End PBXProject section */

/* Begin PBXResourcesBuildPhase section */
		13B16552179592B400C6808A /* Resources */ = {
			isa = PBXResourcesBuildPhase;
			buildActionMask = 2147483647;
			files = (
				13B16562179592B400C6808A /* InfoPlist.strings in Resources */,
				13B1656A179592B400C6808A /* Default.png in Resources */,
				13B1656C179592B400C6808A /* Default@2x.png in Resources */,
				13B1656E179592B400C6808A /* Default-568h@2x.png in Resources */,
				13B16571179592B400C6808A /* MainStoryboard.storyboard in Resources */,
				13B1657B179595A800C6808A /* RootVCTableViewASource.plist in Resources */,
				13B16581179634D000C6808A /* NavBarBG@2x.png in Resources */,
				13B16582179634D000C6808A /* NavBarBG.png in Resources */,
				13B1658517963B4600C6808A /* NavBarButton@2x.png in Resources */,
				13B1658617963B4600C6808A /* NavBarButton.png in Resources */,
				13B165981796B4CA00C6808A /* backButton@2x.png in Resources */,
				13B165991796B4CA00C6808A /* backButton.png in Resources */,
				13B165A11796CFAF00C6808A /* ShelfHolder@2x.png in Resources */,
				13B165A21796CFAF00C6808A /* ShelfHolder.png in Resources */,
				13B165A61796D7AC00C6808A /* shelfBG@2x.png in Resources */,
				13B165A71796D7AC00C6808A /* shelfBG.png in Resources */,
				13B165AB1796E35700C6808A /* LDCShelfTableViewCell.xib in Resources */,
				13E5B67D1797054D00B03787 /* LDCViewController.xib in Resources */,
				13433A6A1797AC45008FD042 /* 0.png in Resources */,
				13433A6B1797AC45008FD042 /* 1.png in Resources */,
				13433A6C1797AC45008FD042 /* 2.png in Resources */,
				13433A6D1797AC45008FD042 /* 3.png in Resources */,
				131F95F71797D61200123B6C /* scrollViewBackButton.png in Resources */,
				131F95F81797D61200123B6C /* scrollViewBackButton@2x.png in Resources */,
				131F95F91797D61200123B6C /* TabBar@2x.png in Resources */,
				131F95FA1797D61200123B6C /* TabBar.png in Resources */,
				131F960117982C0800123B6C /* LDCBasicScrollViewController.xib in Resources */,
				131F960817982F4200123B6C /* poster3@2x.png in Resources */,
				131F960917982F4200123B6C /* poster1@2x.png in Resources */,
				131F960A17982F4200123B6C /* poster3.png in Resources */,
				131F960B17982F4200123B6C /* poster1.png in Resources */,
				131F960C17982F4200123B6C /* poster2@2x.png in Resources */,
				131F960D17982F4200123B6C /* poster2.png in Resources */,
				131F961017984F4400123B6C /* Light.png in Resources */,
				131F961117984F4400123B6C /* Light@2x.png in Resources */,
				132E891B17993F2A00CF50E9 /* navBG@2x.png in Resources */,
				132E891C17993F2A00CF50E9 /* navBG.png in Resources */,
				132E89211799434000CF50E9 /* poster4@2x.png in Resources */,
				132E89221799434000CF50E9 /* poster4.png in Resources */,
				132E89231799434000CF50E9 /* poster0@2x.png in Resources */,
				132E89241799434000CF50E9 /* poster0.png in Resources */,
				132E89271799608B00CF50E9 /* detailImage.png in Resources */,
				132E89281799608B00CF50E9 /* detailImage@2x.png in Resources */,
				132E892A1799650700CF50E9 /* Icon@2x.png in Resources */,
				132E892C1799650B00CF50E9 /* Icon.png in Resources */,
				132E89371799687F00CF50E9 /* Bach.png in Resources */,
				132E89381799687F00CF50E9 /* Bach@2x.png in Resources */,
				132E89391799687F00CF50E9 /* Beethoven.png in Resources */,
				132E893A1799687F00CF50E9 /* Beethoven@2x.png in Resources */,
				132E893B1799687F00CF50E9 /* Chopin.png in Resources */,
				132E893C1799687F00CF50E9 /* Chopin@2x.png in Resources */,
				132E893D1799687F00CF50E9 /* Hayden.png in Resources */,
				132E893E1799687F00CF50E9 /* Hayden@2x.png in Resources */,
				132E893F1799687F00CF50E9 /* Shubert.png in Resources */,
				132E89401799687F00CF50E9 /* Shubert@2x.png in Resources */,
				132E894717996C7600CF50E9 /* Chords1.png in Resources */,
				132E894817996C7600CF50E9 /* Chords1@2x.png in Resources */,
				132E894917996C7600CF50E9 /* Chords2.png in Resources */,
				132E894A17996C7600CF50E9 /* Chords2@2x.png in Resources */,
				132E894B17996C7600CF50E9 /* Chords3.png in Resources */,
				132E894C17996C7600CF50E9 /* Chords3@2x.png in Resources */,
				1390D18D179A4BE700EF9537 /* LDCSideMenuViewController.xib in Resources */,
				1390D1AA179A707600EF9537 /* startButton@2x.png in Resources */,
				1390D1AB179A707600EF9537 /* startButton.png in Resources */,
				1390D1B7179AD24900EF9537 /* Sound01.wav in Resources */,
				13613F6C179BC4510082BD08 /* done_button.png in Resources */,
				13613F6D179BC4510082BD08 /* done_button@2x.png in Resources */,
				13613F70179BCF340082BD08 /* Edit_button@2x.png in Resources */,
				13613F71179BCF340082BD08 /* Edit_button.png in Resources */,
			);
			runOnlyForDeploymentPostprocessing = 0;
		};
/* End PBXResourcesBuildPhase section */

/* Begin PBXSourcesBuildPhase section */
		13B16550179592B400C6808A /* Sources */ = {
			isa = PBXSourcesBuildPhase;
			buildActionMask = 2147483647;
			files = (
				13B16564179592B400C6808A /* main.m in Sources */,
				13B16568179592B400C6808A /* LDCAppDelegate.m in Sources */,
				13B16574179592B400C6808A /* LDCViewController.m in Sources */,
				13B165941796457900C6808A /* LDCShelfViewController.m in Sources */,
				13B1659E1796CBCE00C6808A /* LDCShelfTableViewCell.m in Sources */,
				131F960017982C0800123B6C /* LDCBasicScrollViewController.m in Sources */,
				1390D18C179A4BE700EF9537 /* LDCSideMenuViewController.m in Sources */,
				1390D19D179A5CC500EF9537 /* AccelerationAnimation.m in Sources */,
				1390D19E179A5CC500EF9537 /* Evaluate.m in Sources */,
				1390D19F179A5CC500EF9537 /* REBackgroundView.m in Sources */,
				1390D1A0179A5CC500EF9537 /* RESideMenu.m in Sources */,
				1390D1A1179A5CC500EF9537 /* RESideMenuCell.m in Sources */,
				1390D1A2179A5CC500EF9537 /* RESideMenuItem.m in Sources */,
				1390D1A3179A5CC500EF9537 /* UIWindow+RESideMenuExtensions.m in Sources */,
				1390D1AF179A78BF00EF9537 /* LDCHomeViewController.m in Sources */,
				1390D1B2179A80E800EF9537 /* LDCControlPanelViewController.m in Sources */,
				1390D1BC179ADAF800EF9537 /* LDCSoundManager.m in Sources */,
				13613F66179BA1200082BD08 /* LDCWebViewController.m in Sources */,
				13613F69179BB2EC0082BD08 /* LDCTableViewCellControlViewController.m in Sources */,
			);
			runOnlyForDeploymentPostprocessing = 0;
		};
/* End PBXSourcesBuildPhase section */

/* Begin PBXVariantGroup section */
		13B16560179592B400C6808A /* InfoPlist.strings */ = {
			isa = PBXVariantGroup;
			children = (
				13B16561179592B400C6808A /* en */,
			);
			name = InfoPlist.strings;
			sourceTree = "<group>";
		};
		13B1656F179592B400C6808A /* MainStoryboard.storyboard */ = {
			isa = PBXVariantGroup;
			children = (
				13B16570179592B400C6808A /* en */,
			);
			name = MainStoryboard.storyboard;
			sourceTree = "<group>";
		};
/* End PBXVariantGroup section */

/* Begin XCBuildConfiguration section */
		13B16575179592B400C6808A /* Debug */ = {
			isa = XCBuildConfiguration;
			buildSettings = {
				ALWAYS_SEARCH_USER_PATHS = NO;
				CLANG_CXX_LANGUAGE_STANDARD = "gnu++0x";
				CLANG_CXX_LIBRARY = "libc++";
				CLANG_WARN_CONSTANT_CONVERSION = YES;
				CLANG_WARN_EMPTY_BODY = YES;
				CLANG_WARN_ENUM_CONVERSION = YES;
				CLANG_WARN_INT_CONVERSION = YES;
				CLANG_WARN__DUPLICATE_METHOD_MATCH = YES;
				"CODE_SIGN_IDENTITY[sdk=iphoneos*]" = "iPhone Developer";
				COPY_PHASE_STRIP = NO;
				GCC_C_LANGUAGE_STANDARD = gnu99;
				GCC_DYNAMIC_NO_PIC = NO;
				GCC_OPTIMIZATION_LEVEL = 0;
				GCC_PREPROCESSOR_DEFINITIONS = (
					"DEBUG=1",
					"$(inherited)",
				);
				GCC_SYMBOLS_PRIVATE_EXTERN = NO;
				GCC_WARN_ABOUT_RETURN_TYPE = YES;
				GCC_WARN_UNINITIALIZED_AUTOS = YES;
				GCC_WARN_UNUSED_VARIABLE = YES;
				IPHONEOS_DEPLOYMENT_TARGET = 6.1;
				ONLY_ACTIVE_ARCH = YES;
				SDKROOT = iphoneos;
				TARGETED_DEVICE_FAMILY = 2;
			};
			name = Debug;
		};
		13B16576179592B400C6808A /* Release */ = {
			isa = XCBuildConfiguration;
			buildSettings = {
				ALWAYS_SEARCH_USER_PATHS = NO;
				CLANG_CXX_LANGUAGE_STANDARD = "gnu++0x";
				CLANG_CXX_LIBRARY = "libc++";
				CLANG_WARN_CONSTANT_CONVERSION = YES;
				CLANG_WARN_EMPTY_BODY = YES;
				CLANG_WARN_ENUM_CONVERSION = YES;
				CLANG_WARN_INT_CONVERSION = YES;
				CLANG_WARN__DUPLICATE_METHOD_MATCH = YES;
				"CODE_SIGN_IDENTITY[sdk=iphoneos*]" = "iPhone Developer";
				COPY_PHASE_STRIP = YES;
				GCC_C_LANGUAGE_STANDARD = gnu99;
				GCC_WARN_ABOUT_RETURN_TYPE = YES;
				GCC_WARN_UNINITIALIZED_AUTOS = YES;
				GCC_WARN_UNUSED_VARIABLE = YES;
				IPHONEOS_DEPLOYMENT_TARGET = 6.1;
				OTHER_CFLAGS = "-DNS_BLOCK_ASSERTIONS=1";
				SDKROOT = iphoneos;
				TARGETED_DEVICE_FAMILY = 2;
				VALIDATE_PRODUCT = YES;
			};
			name = Release;
		};
		13B16578179592B400C6808A /* Debug */ = {
			isa = XCBuildConfiguration;
			buildSettings = {
				GCC_PRECOMPILE_PREFIX_HEADER = YES;
				GCC_PREFIX_HEADER = "ViewPack/ViewPack-Prefix.pch";
				INFOPLIST_FILE = "ViewPack/ViewPack-Info.plist";
				PRODUCT_NAME = "$(TARGET_NAME)";
				WRAPPER_EXTENSION = app;
			};
			name = Debug;
		};
		13B16579179592B400C6808A /* Release */ = {
			isa = XCBuildConfiguration;
			buildSettings = {
				GCC_PRECOMPILE_PREFIX_HEADER = YES;
				GCC_PREFIX_HEADER = "ViewPack/ViewPack-Prefix.pch";
				INFOPLIST_FILE = "ViewPack/ViewPack-Info.plist";
				PRODUCT_NAME = "$(TARGET_NAME)";
				WRAPPER_EXTENSION = app;
			};
			name = Release;
		};
/* End XCBuildConfiguration section */

/* Begin XCConfigurationList section */
		13B1654F179592B400C6808A /* Build configuration list for PBXProject "ViewPack" */ = {
			isa = XCConfigurationList;
			buildConfigurations = (
				13B16575179592B400C6808A /* Debug */,
				13B16576179592B400C6808A /* Release */,
			);
			defaultConfigurationIsVisible = 0;
			defaultConfigurationName = Release;
		};
		13B16577179592B400C6808A /* Build configuration list for PBXNativeTarget "ViewPack" */ = {
			isa = XCConfigurationList;
			buildConfigurations = (
				13B16578179592B400C6808A /* Debug */,
				13B16579179592B400C6808A /* Release */,
			);
			defaultConfigurationIsVisible = 0;
			defaultConfigurationName = Release;
		};
/* End XCConfigurationList section */
	};
	rootObject = 13B1654C179592B400C6808A /* Project object */;
}
